
Microsoft Visual Studio Solution File, Format Version 12.00
# Visual Studio 14
VisualStudioVersion = 14.0.23107.0
MinimumVisualStudioVersion = 10.0.40219.1
Project("{FAE04EC0-301F-11D3-BF4B-00C04F79EFBC}") = "BlobCleaner", "BlobCleaner\BlobCleaner.csproj", "{38C5A90A-4939-407C-9ACB-F33CE5F674A4}"
EndProject
Project("{FAE04EC0-301F-11D3-BF4B-00C04F79EFBC}") = "BlobTools", "BlobTools\BlobTools.csproj", "{704EF425-04C7-4186-AB88-CF02AB6C64ED}"
EndProject
Project("{FAE04EC0-301F-11D3-BF4B-00C04F79EFBC}") = "BlobToolsTest", "BlobToolsTest\BlobToolsTest.csproj", "{6D248FF8-D10D-4054-BED6-F5B4DDB2426F}"
EndProject
Project("{FAE04EC0-301F-11D3-BF4B-00C04F79EFBC}") = "BlobCleanerTest", "BlobCleanerTest\BlobCleanerTest.csproj", "{7D8AAFF9-5056-4A05-9A11-E785F9F12AA7}"
EndProject
Global
	GlobalSection(SolutionConfigurationPlatforms) = preSolution
		Debug|Any CPU = Debug|Any CPU
		Release|Any CPU = Release|Any CPU
	EndGlobalSection
	GlobalSection(ProjectConfigurationPlatforms) = postSolution
		{38C5A90A-4939-407C-9ACB-F33CE5F674A4}.Debug|Any CPU.ActiveCfg = Debug|Any CPU
		{38C5A90A-4939-407C-9ACB-F33CE5F674A4}.Debug|Any CPU.Build.0 = Debug|Any CPU
		{38C5A90A-4939-407C-9ACB-F33CE5F674A4}.Release|Any CPU.ActiveCfg = Release|Any CPU
		{38C5A90A-4939-407C-9ACB-F33CE5F674A4}.Release|Any CPU.Build.0 = Release|Any CPU
		{704EF425-04C7-4186-AB88-CF02AB6C64ED}.Debug|Any CPU.ActiveCfg = Debug|Any CPU
		{704EF425-04C7-4186-AB88-CF02AB6C64ED}.Debug|Any CPU.Build.0 = Debug|Any CPU
		{704EF425-04C7-4186-AB88-CF02AB6C64ED}.Release|Any CPU.ActiveCfg = Release|Any CPU
		{704EF425-04C7-4186-AB88-CF02AB6C64ED}.Release|Any CPU.Build.0 = Release|Any CPU
		{6D248FF8-D10D-4054-BED6-F5B4DDB2426F}.Debug|Any CPU.ActiveCfg = Debug|Any CPU
		{6D248FF8-D10D-4054-BED6-F5B4DDB2426F}.Debug|Any CPU.Build.0 = Debug|Any CPU
		{6D248FF8-D10D-4054-BED6-F5B4DDB2426F}.Release|Any CPU.ActiveCfg = Release|Any CPU
		{6D248FF8-D10D-4054-BED6-F5B4DDB2426F}.Release|Any CPU.Build.0 = Release|Any CPU
		{7D8AAFF9-5056-4A05-9A11-E785F9F12AA7}.Debug|Any CPU.ActiveCfg = Debug|Any CPU
		{7D8AAFF9-5056-4A05-9A11-E785F9F12AA7}.Debug|Any CPU.Build.0 = Debug|Any CPU
		{7D8AAFF9-5056-4A05-9A11-E785F9F12AA7}.Release|Any CPU.ActiveCfg = Release|Any CPU
		{7D8AAFF9-5056-4A05-9A11-E785F9F12AA7}.Release|Any CPU.Build.0 = Release|Any CPU
	EndGlobalSection
	GlobalSection(SolutionProperties) = preSolution
		HideSolutionNode = FALSE
	EndGlobalSection
EndGlobal
